
Microsoft Visual Studio Solution File, Format Version 12.00
# Visual Studio Version 16
VisualStudioVersion = 16.0.31613.86
MinimumVisualStudioVersion = 10.0.40219.1
Project("{FAE04EC0-301F-11D3-BF4B-00C04F79EFBC}") = "Cursed Market Reborn", "Cursed Market Reborn\Cursed Market Reborn.csproj", "{0A2E420B-883E-414E-98C9-CB2B668A0963}"
EndProject
Global
	GlobalSection(SolutionConfigurationPlatforms) = preSolution
		Debug|Any CPU = Debug|Any CPU
		Release|Any CPU = Release|Any CPU
	EndGlobalSection
	GlobalSection(ProjectConfigurationPlatforms) = postSolution
		{0A2E420B-883E-414E-98C9-CB2B668A0963}.Debug|Any CPU.ActiveCfg = Debug|Any CPU
		{0A2E420B-883E-414E-98C9-CB2B668A0963}.Debug|Any CPU.Build.0 = Debug|Any CPU
		{0A2E420B-883E-414E-98C9-CB2B668A0963}.Release|Any CPU.ActiveCfg = Release|Any CPU
		{0A2E420B-883E-414E-98C9-CB2B668A0963}.Release|Any CPU.Build.0 = Release|Any CPU
	EndGlobalSection
	GlobalSection(SolutionProperties) = preSolution
		HideSolutionNode = FALSE
	EndGlobalSection
	GlobalSection(ExtensibilityGlobals) = postSolution
		SolutionGuid = {60E4EE1F-9011-4939-8A5A-151A8A8E7488}
	EndGlobalSection
EndGlobal
